
Microsoft Visual Studio Solution File, Format Version 12.00
# Visual Studio 15
VisualStudioVersion = 15.0.28307.168
MinimumVisualStudioVersion = 10.0.40219.1
Project("{9A19103F-16F7-4668-BE54-9A1E7A4F7556}") = "VndrWebApi", "VndrWebApi\VndrWebApi.csproj", "{EA5FD6A3-F2CA-40EA-9464-982E0D6E78D0}"
EndProject
Project("{9A19103F-16F7-4668-BE54-9A1E7A4F7556}") = "Vndr", "Vndr\Vndr.csproj", "{76E5D35F-F083-41CA-8653-CBFB18D00D3F}"
EndProject
Project("{9A19103F-16F7-4668-BE54-9A1E7A4F7556}") = "VndrIntegrationTests", "VndrIntegrationTests\VndrIntegrationTests.csproj", "{FB4CF0A2-705F-4EEE-8F68-17F1972553E8}"
EndProject
Global
	GlobalSection(SolutionConfigurationPlatforms) = preSolution
		Debug|Any CPU = Debug|Any CPU
		Release|Any CPU = Release|Any CPU
	EndGlobalSection
	GlobalSection(ProjectConfigurationPlatforms) = postSolution
		{EA5FD6A3-F2CA-40EA-9464-982E0D6E78D0}.Debug|Any CPU.ActiveCfg = Debug|Any CPU
		{EA5FD6A3-F2CA-40EA-9464-982E0D6E78D0}.Debug|Any CPU.Build.0 = Debug|Any CPU
		{EA5FD6A3-F2CA-40EA-9464-982E0D6E78D0}.Release|Any CPU.ActiveCfg = Release|Any CPU
		{EA5FD6A3-F2CA-40EA-9464-982E0D6E78D0}.Release|Any CPU.Build.0 = Release|Any CPU
		{76E5D35F-F083-41CA-8653-CBFB18D00D3F}.Debug|Any CPU.ActiveCfg = Debug|Any CPU
		{76E5D35F-F083-41CA-8653-CBFB18D00D3F}.Debug|Any CPU.Build.0 = Debug|Any CPU
		{76E5D35F-F083-41CA-8653-CBFB18D00D3F}.Release|Any CPU.ActiveCfg = Release|Any CPU
		{76E5D35F-F083-41CA-8653-CBFB18D00D3F}.Release|Any CPU.Build.0 = Release|Any CPU
		{FB4CF0A2-705F-4EEE-8F68-17F1972553E8}.Debug|Any CPU.ActiveCfg = Debug|Any CPU
		{FB4CF0A2-705F-4EEE-8F68-17F1972553E8}.Debug|Any CPU.Build.0 = Debug|Any CPU
		{FB4CF0A2-705F-4EEE-8F68-17F1972553E8}.Release|Any CPU.ActiveCfg = Release|Any CPU
		{FB4CF0A2-705F-4EEE-8F68-17F1972553E8}.Release|Any CPU.Build.0 = Release|Any CPU
	EndGlobalSection
	GlobalSection(SolutionProperties) = preSolution
		HideSolutionNode = FALSE
	EndGlobalSection
	GlobalSection(ExtensibilityGlobals) = postSolution
		SolutionGuid = {2D9E126E-A497-4407-8D2F-A568D6E354F2}
	EndGlobalSection
EndGlobal
